
Microsoft Visual Studio Solution File, Format Version 12.00
# Visual Studio Version 17
VisualStudioVersion = 17.0.31903.59
MinimumVisualStudioVersion = 10.0.40219.1
Project("{2150E333-8FDC-42A3-9474-1A3956D46DE8}") = "src", "src", "{827E0CD3-B72D-47B6-A68D-7590B98EB39B}"
EndProject
Project("{FAE04EC0-301F-11D3-BF4B-00C04F79EFBC}") = "VanguardProtocol.Core", "src\VanguardProtocol.Core\VanguardProtocol.Core.csproj", "{1D5A47EF-A2B9-4CB3-B71E-E813FBD09233}"
EndProject
Project("{FAE04EC0-301F-11D3-BF4B-00C04F79EFBC}") = "VanguardProtocol.Physics", "src\VanguardProtocol.Physics\VanguardProtocol.Physics.csproj", "{AC5B6C17-5FC2-4E74-9619-7504F0FD3993}"
EndProject
Project("{FAE04EC0-301F-11D3-BF4B-00C04F79EFBC}") = "VanguardProtocol.Levels", "src\VanguardProtocol.Levels\VanguardProtocol.Levels.csproj", "{D135AA1B-AEDF-4E8F-BB8A-D57CD55CEA9C}"
EndProject
Project("{FAE04EC0-301F-11D3-BF4B-00C04F79EFBC}") = "VanguardProtocol.Game", "src\VanguardProtocol.Game\VanguardProtocol.Game.csproj", "{D597A2A1-29A3-4743-B69B-87051E4F6A0E}"
EndProject
Project("{2150E333-8FDC-42A3-9474-1A3956D46DE8}") = "tests", "tests", "{0AB3BF05-4346-4AA6-1389-037BE0695223}"
EndProject
Project("{FAE04EC0-301F-11D3-BF4B-00C04F79EFBC}") = "VanguardProtocol.Core.Tests", "tests\VanguardProtocol.Core.Tests\VanguardProtocol.Core.Tests.csproj", "{1627713B-9C65-49D8-A304-D97E04F91191}"
EndProject
Project("{FAE04EC0-301F-11D3-BF4B-00C04F79EFBC}") = "VanguardProtocol.Physics.Tests", "tests\VanguardProtocol.Physics.Tests\VanguardProtocol.Physics.Tests.csproj", "{0803FB80-82BD-4CD2-B4DA-9890340DA713}"
EndProject
Project("{FAE04EC0-301F-11D3-BF4B-00C04F79EFBC}") = "VanguardProtocol.Animation", "src\VanguardProtocol.Animation\VanguardProtocol.Animation.csproj", "{9636D6E3-3F65-41ED-BB8C-C841A1A1277D}"
EndProject
Project("{FAE04EC0-301F-11D3-BF4B-00C04F79EFBC}") = "VanguardProtocol.Rendering", "src\VanguardProtocol.Rendering\VanguardProtocol.Rendering.csproj", "{712231F8-CED3-45F8-A77D-CA8A84935F99}"
EndProject
Project("{FAE04EC0-301F-11D3-BF4B-00C04F79EFBC}") = "VanguardProtocol.Combat", "src\VanguardProtocol.Combat\VanguardProtocol.Combat.csproj", "{71A247EB-1A48-4EB9-B8BF-7471C560EAD1}"
EndProject
Project("{FAE04EC0-301F-11D3-BF4B-00C04F79EFBC}") = "VanguardProtocol.Animation.Tests", "tests\VanguardProtocol.Animation.Tests\VanguardProtocol.Animation.Tests.csproj", "{73DF46E4-48B3-464F-A221-E7459827AF1F}"
EndProject
Project("{FAE04EC0-301F-11D3-BF4B-00C04F79EFBC}") = "VanguardProtocol.Combat.Tests", "tests\VanguardProtocol.Combat.Tests\VanguardProtocol.Combat.Tests.csproj", "{321DDED4-9094-45D4-993B-795574902C21}"
EndProject
Project("{FAE04EC0-301F-11D3-BF4B-00C04F79EFBC}") = "VanguardProtocol.AI", "src\VanguardProtocol.AI\VanguardProtocol.AI.csproj", "{EBC5C88D-689C-4979-9588-D368B436895D}"
EndProject
Project("{FAE04EC0-301F-11D3-BF4B-00C04F79EFBC}") = "VanguardProtocol.Camera", "src\VanguardProtocol.Camera\VanguardProtocol.Camera.csproj", "{F711CB9B-3AF5-4B0B-8F83-91C26E6CAB4F}"
EndProject
Project("{FAE04EC0-301F-11D3-BF4B-00C04F79EFBC}") = "VanguardProtocol.Netcode", "src\VanguardProtocol.Netcode\VanguardProtocol.Netcode.csproj", "{61BCA02B-33E8-4442-B65A-424A1C84F88D}"
EndProject
Project("{FAE04EC0-301F-11D3-BF4B-00C04F79EFBC}") = "VanguardProtocol.UI", "src\VanguardProtocol.UI\VanguardProtocol.UI.csproj", "{5F7014F3-9987-4C81-97A1-8EEE64D11882}"
EndProject
Project("{FAE04EC0-301F-11D3-BF4B-00C04F79EFBC}") = "VanguardProtocol.Audio", "src\VanguardProtocol.Audio\VanguardProtocol.Audio.csproj", "{71C77E65-9C46-43F6-ACCC-F9C432198A21}"
EndProject
Project("{FAE04EC0-301F-11D3-BF4B-00C04F79EFBC}") = "VanguardProtocol.SaveSystem", "src\VanguardProtocol.SaveSystem\VanguardProtocol.SaveSystem.csproj", "{3770DB7B-0D7E-4E09-9F7F-22C9B413A6F4}"
EndProject
Project("{2150E333-8FDC-42A3-9474-1A3956D46DE8}") = "tools", "tools", "{07C2787E-EAC7-C090-1BA3-A61EC2A24D84}"
EndProject
Project("{FAE04EC0-301F-11D3-BF4B-00C04F79EFBC}") = "VanguardProtocol.LevelEditor", "tools\VanguardProtocol.LevelEditor\VanguardProtocol.LevelEditor.csproj", "{D823FCB8-0AF1-407F-AAD5-112B97DAC028}"
EndProject
Project("{FAE04EC0-301F-11D3-BF4B-00C04F79EFBC}") = "VanguardProtocol.Netcode.Tests", "tests\VanguardProtocol.Netcode.Tests\VanguardProtocol.Netcode.Tests.csproj", "{3399F625-2A96-4933-A2A5-D55534D1E4A5}"
EndProject
Project("{FAE04EC0-301F-11D3-BF4B-00C04F79EFBC}") = "VanguardProtocol.Levels.Tests", "tests\VanguardProtocol.Levels.Tests\VanguardProtocol.Levels.Tests.csproj", "{3AD55447-B847-4098-A84E-6E7A659194DC}"
EndProject
Project("{FAE04EC0-301F-11D3-BF4B-00C04F79EFBC}") = "VanguardProtocol.AI.Tests", "tests\VanguardProtocol.AI.Tests\VanguardProtocol.AI.Tests.csproj", "{3E6E0326-D6F3-4A27-B2C2-DFB7539C6F3A}"
EndProject
Global
	GlobalSection(SolutionConfigurationPlatforms) = preSolution
		Debug|Any CPU = Debug|Any CPU
		Debug|x64 = Debug|x64
		Debug|x86 = Debug|x86
		Release|Any CPU = Release|Any CPU
		Release|x64 = Release|x64
		Release|x86 = Release|x86
	EndGlobalSection
	GlobalSection(ProjectConfigurationPlatforms) = postSolution
		{1D5A47EF-A2B9-4CB3-B71E-E813FBD09233}.Debug|Any CPU.ActiveCfg = Debug|Any CPU
		{1D5A47EF-A2B9-4CB3-B71E-E813FBD09233}.Debug|Any CPU.Build.0 = Debug|Any CPU
		{1D5A47EF-A2B9-4CB3-B71E-E813FBD09233}.Debug|x64.ActiveCfg = Debug|Any CPU
		{1D5A47EF-A2B9-4CB3-B71E-E813FBD09233}.Debug|x64.Build.0 = Debug|Any CPU
		{1D5A47EF-A2B9-4CB3-B71E-E813FBD09233}.Debug|x86.ActiveCfg = Debug|Any CPU
		{1D5A47EF-A2B9-4CB3-B71E-E813FBD09233}.Debug|x86.Build.0 = Debug|Any CPU
		{1D5A47EF-A2B9-4CB3-B71E-E813FBD09233}.Release|Any CPU.ActiveCfg = Release|Any CPU
		{1D5A47EF-A2B9-4CB3-B71E-E813FBD09233}.Release|Any CPU.Build.0 = Release|Any CPU
		{1D5A47EF-A2B9-4CB3-B71E-E813FBD09233}.Release|x64.ActiveCfg = Release|Any CPU
		{1D5A47EF-A2B9-4CB3-B71E-E813FBD09233}.Release|x64.Build.0 = Release|Any CPU
		{1D5A47EF-A2B9-4CB3-B71E-E813FBD09233}.Release|x86.ActiveCfg = Release|Any CPU
		{1D5A47EF-A2B9-4CB3-B71E-E813FBD09233}.Release|x86.Build.0 = Release|Any CPU
		{AC5B6C17-5FC2-4E74-9619-7504F0FD3993}.Debug|Any CPU.ActiveCfg = Debug|Any CPU
		{AC5B6C17-5FC2-4E74-9619-7504F0FD3993}.Debug|Any CPU.Build.0 = Debug|Any CPU
		{AC5B6C17-5FC2-4E74-9619-7504F0FD3993}.Debug|x64.ActiveCfg = Debug|Any CPU
		{AC5B6C17-5FC2-4E74-9619-7504F0FD3993}.Debug|x64.Build.0 = Debug|Any CPU
		{AC5B6C17-5FC2-4E74-9619-7504F0FD3993}.Debug|x86.ActiveCfg = Debug|Any CPU
		{AC5B6C17-5FC2-4E74-9619-7504F0FD3993}.Debug|x86.Build.0 = Debug|Any CPU
		{AC5B6C17-5FC2-4E74-9619-7504F0FD3993}.Release|Any CPU.ActiveCfg = Release|Any CPU
		{AC5B6C17-5FC2-4E74-9619-7504F0FD3993}.Release|Any CPU.Build.0 = Release|Any CPU
		{AC5B6C17-5FC2-4E74-9619-7504F0FD3993}.Release|x64.ActiveCfg = Release|Any CPU
		{AC5B6C17-5FC2-4E74-9619-7504F0FD3993}.Release|x64.Build.0 = Release|Any CPU
		{AC5B6C17-5FC2-4E74-9619-7504F0FD3993}.Release|x86.ActiveCfg = Release|Any CPU
		{AC5B6C17-5FC2-4E74-9619-7504F0FD3993}.Release|x86.Build.0 = Release|Any CPU
		{D135AA1B-AEDF-4E8F-BB8A-D57CD55CEA9C}.Debug|Any CPU.ActiveCfg = Debug|Any CPU
		{D135AA1B-AEDF-4E8F-BB8A-D57CD55CEA9C}.Debug|Any CPU.Build.0 = Debug|Any CPU
		{D135AA1B-AEDF-4E8F-BB8A-D57CD55CEA9C}.Debug|x64.ActiveCfg = Debug|Any CPU
		{D135AA1B-AEDF-4E8F-BB8A-D57CD55CEA9C}.Debug|x64.Build.0 = Debug|Any CPU
		{D135AA1B-AEDF-4E8F-BB8A-D57CD55CEA9C}.Debug|x86.ActiveCfg = Debug|Any CPU
		{D135AA1B-AEDF-4E8F-BB8A-D57CD55CEA9C}.Debug|x86.Build.0 = Debug|Any CPU
		{D135AA1B-AEDF-4E8F-BB8A-D57CD55CEA9C}.Release|Any CPU.ActiveCfg = Release|Any CPU
		{D135AA1B-AEDF-4E8F-BB8A-D57CD55CEA9C}.Release|Any CPU.Build.0 = Release|Any CPU
		{D135AA1B-AEDF-4E8F-BB8A-D57CD55CEA9C}.Release|x64.ActiveCfg = Release|Any CPU
		{D135AA1B-AEDF-4E8F-BB8A-D57CD55CEA9C}.Release|x64.Build.0 = Release|Any CPU
		{D135AA1B-AEDF-4E8F-BB8A-D57CD55CEA9C}.Release|x86.ActiveCfg = Release|Any CPU
		{D135AA1B-AEDF-4E8F-BB8A-D57CD55CEA9C}.Release|x86.Build.0 = Release|Any CPU
		{D597A2A1-29A3-4743-B69B-87051E4F6A0E}.Debug|Any CPU.ActiveCfg = Debug|Any CPU
		{D597A2A1-29A3-4743-B69B-87051E4F6A0E}.Debug|Any CPU.Build.0 = Debug|Any CPU
		{D597A2A1-29A3-4743-B69B-87051E4F6A0E}.Debug|x64.ActiveCfg = Debug|Any CPU
		{D597A2A1-29A3-4743-B69B-87051E4F6A0E}.Debug|x64.Build.0 = Debug|Any CPU
		{D597A2A1-29A3-4743-B69B-87051E4F6A0E}.Debug|x86.ActiveCfg = Debug|Any CPU
		{D597A2A1-29A3-4743-B69B-87051E4F6A0E}.Debug|x86.Build.0 = Debug|Any CPU
		{D597A2A1-29A3-4743-B69B-87051E4F6A0E}.Release|Any CPU.ActiveCfg = Release|Any CPU
		{D597A2A1-29A3-4743-B69B-87051E4F6A0E}.Release|Any CPU.Build.0 = Release|Any CPU
		{D597A2A1-29A3-4743-B69B-87051E4F6A0E}.Release|x64.ActiveCfg = Release|Any CPU
		{D597A2A1-29A3-4743-B69B-87051E4F6A0E}.Release|x64.Build.0 = Release|Any CPU
		{D597A2A1-29A3-4743-B69B-87051E4F6A0E}.Release|x86.ActiveCfg = Release|Any CPU
		{D597A2A1-29A3-4743-B69B-87051E4F6A0E}.Release|x86.Build.0 = Release|Any CPU
		{1627713B-9C65-49D8-A304-D97E04F91191}.Debug|Any CPU.ActiveCfg = Debug|Any CPU
		{1627713B-9C65-49D8-A304-D97E04F91191}.Debug|Any CPU.Build.0 = Debug|Any CPU
		{1627713B-9C65-49D8-A304-D97E04F91191}.Debug|x64.ActiveCfg = Debug|Any CPU
		{1627713B-9C65-49D8-A304-D97E04F91191}.Debug|x64.Build.0 = Debug|Any CPU
		{1627713B-9C65-49D8-A304-D97E04F91191}.Debug|x86.ActiveCfg = Debug|Any CPU
		{1627713B-9C65-49D8-A304-D97E04F91191}.Debug|x86.Build.0 = Debug|Any CPU
		{1627713B-9C65-49D8-A304-D97E04F91191}.Release|Any CPU.ActiveCfg = Release|Any CPU
		{1627713B-9C65-49D8-A304-D97E04F91191}.Release|Any CPU.Build.0 = Release|Any CPU
		{1627713B-9C65-49D8-A304-D97E04F91191}.Release|x64.ActiveCfg = Release|Any CPU
		{1627713B-9C65-49D8-A304-D97E04F91191}.Release|x64.Build.0 = Release|Any CPU
		{1627713B-9C65-49D8-A304-D97E04F91191}.Release|x86.ActiveCfg = Release|Any CPU
		{1627713B-9C65-49D8-A304-D97E04F91191}.Release|x86.Build.0 = Release|Any CPU
		{0803FB80-82BD-4CD2-B4DA-9890340DA713}.Debug|Any CPU.ActiveCfg = Debug|Any CPU
		{0803FB80-82BD-4CD2-B4DA-9890340DA713}.Debug|Any CPU.Build.0 = Debug|Any CPU
		{0803FB80-82BD-4CD2-B4DA-9890340DA713}.Debug|x64.ActiveCfg = Debug|Any CPU
		{0803FB80-82BD-4CD2-B4DA-9890340DA713}.Debug|x64.Build.0 = Debug|Any CPU
		{0803FB80-82BD-4CD2-B4DA-9890340DA713}.Debug|x86.ActiveCfg = Debug|Any CPU
		{0803FB80-82BD-4CD2-B4DA-9890340DA713}.Debug|x86.Build.0 = Debug|Any CPU
		{0803FB80-82BD-4CD2-B4DA-9890340DA713}.Release|Any CPU.ActiveCfg = Release|Any CPU
		{0803FB80-82BD-4CD2-B4DA-9890340DA713}.Release|Any CPU.Build.0 = Release|Any CPU
		{0803FB80-82BD-4CD2-B4DA-9890340DA713}.Release|x64.ActiveCfg = Release|Any CPU
		{0803FB80-82BD-4CD2-B4DA-9890340DA713}.Release|x64.Build.0 = Release|Any CPU
		{0803FB80-82BD-4CD2-B4DA-9890340DA713}.Release|x86.ActiveCfg = Release|Any CPU
		{0803FB80-82BD-4CD2-B4DA-9890340DA713}.Release|x86.Build.0 = Release|Any CPU
		{9636D6E3-3F65-41ED-BB8C-C841A1A1277D}.Debug|Any CPU.ActiveCfg = Debug|Any CPU
		{9636D6E3-3F65-41ED-BB8C-C841A1A1277D}.Debug|Any CPU.Build.0 = Debug|Any CPU
		{9636D6E3-3F65-41ED-BB8C-C841A1A1277D}.Debug|x64.ActiveCfg = Debug|Any CPU
		{9636D6E3-3F65-41ED-BB8C-C841A1A1277D}.Debug|x64.Build.0 = Debug|Any CPU
		{9636D6E3-3F65-41ED-BB8C-C841A1A1277D}.Debug|x86.ActiveCfg = Debug|Any CPU
		{9636D6E3-3F65-41ED-BB8C-C841A1A1277D}.Debug|x86.Build.0 = Debug|Any CPU
		{9636D6E3-3F65-41ED-BB8C-C841A1A1277D}.Release|Any CPU.ActiveCfg = Release|Any CPU
		{9636D6E3-3F65-41ED-BB8C-C841A1A1277D}.Release|Any CPU.Build.0 = Release|Any CPU
		{9636D6E3-3F65-41ED-BB8C-C841A1A1277D}.Release|x64.ActiveCfg = Release|Any CPU
		{9636D6E3-3F65-41ED-BB8C-C841A1A1277D}.Release|x64.Build.0 = Release|Any CPU
		{9636D6E3-3F65-41ED-BB8C-C841A1A1277D}.Release|x86.ActiveCfg = Release|Any CPU
		{9636D6E3-3F65-41ED-BB8C-C841A1A1277D}.Release|x86.Build.0 = Release|Any CPU
		{712231F8-CED3-45F8-A77D-CA8A84935F99}.Debug|Any CPU.ActiveCfg = Debug|Any CPU
		{712231F8-CED3-45F8-A77D-CA8A84935F99}.Debug|Any CPU.Build.0 = Debug|Any CPU
		{712231F8-CED3-45F8-A77D-CA8A84935F99}.Debug|x64.ActiveCfg = Debug|Any CPU
		{712231F8-CED3-45F8-A77D-CA8A84935F99}.Debug|x64.Build.0 = Debug|Any CPU
		{712231F8-CED3-45F8-A77D-CA8A84935F99}.Debug|x86.ActiveCfg = Debug|Any CPU
		{712231F8-CED3-45F8-A77D-CA8A84935F99}.Debug|x86.Build.0 = Debug|Any CPU
		{712231F8-CED3-45F8-A77D-CA8A84935F99}.Release|Any CPU.ActiveCfg = Release|Any CPU
		{712231F8-CED3-45F8-A77D-CA8A84935F99}.Release|Any CPU.Build.0 = Release|Any CPU
		{712231F8-CED3-45F8-A77D-CA8A84935F99}.Release|x64.ActiveCfg = Release|Any CPU
		{712231F8-CED3-45F8-A77D-CA8A84935F99}.Release|x64.Build.0 = Release|Any CPU
		{712231F8-CED3-45F8-A77D-CA8A84935F99}.Release|x86.ActiveCfg = Release|Any CPU
		{712231F8-CED3-45F8-A77D-CA8A84935F99}.Release|x86.Build.0 = Release|Any CPU
		{71A247EB-1A48-4EB9-B8BF-7471C560EAD1}.Debug|Any CPU.ActiveCfg = Debug|Any CPU
		{71A247EB-1A48-4EB9-B8BF-7471C560EAD1}.Debug|Any CPU.Build.0 = Debug|Any CPU
		{71A247EB-1A48-4EB9-B8BF-7471C560EAD1}.Debug|x64.ActiveCfg = Debug|Any CPU
		{71A247EB-1A48-4EB9-B8BF-7471C560EAD1}.Debug|x64.Build.0 = Debug|Any CPU
		{71A247EB-1A48-4EB9-B8BF-7471C560EAD1}.Debug|x86.ActiveCfg = Debug|Any CPU
		{71A247EB-1A48-4EB9-B8BF-7471C560EAD1}.Debug|x86.Build.0 = Debug|Any CPU
		{71A247EB-1A48-4EB9-B8BF-7471C560EAD1}.Release|Any CPU.ActiveCfg = Release|Any CPU
		{71A247EB-1A48-4EB9-B8BF-7471C560EAD1}.Release|Any CPU.Build.0 = Release|Any CPU
		{71A247EB-1A48-4EB9-B8BF-7471C560EAD1}.Release|x64.ActiveCfg = Release|Any CPU
		{71A247EB-1A48-4EB9-B8BF-7471C560EAD1}.Release|x64.Build.0 = Release|Any CPU
		{71A247EB-1A48-4EB9-B8BF-7471C560EAD1}.Release|x86.ActiveCfg = Release|Any CPU
		{71A247EB-1A48-4EB9-B8BF-7471C560EAD1}.Release|x86.Build.0 = Release|Any CPU
		{73DF46E4-48B3-464F-A221-E7459827AF1F}.Debug|Any CPU.ActiveCfg = Debug|Any CPU
		{73DF46E4-48B3-464F-A221-E7459827AF1F}.Debug|Any CPU.Build.0 = Debug|Any CPU
		{73DF46E4-48B3-464F-A221-E7459827AF1F}.Debug|x64.ActiveCfg = Debug|Any CPU
		{73DF46E4-48B3-464F-A221-E7459827AF1F}.Debug|x64.Build.0 = Debug|Any CPU
		{73DF46E4-48B3-464F-A221-E7459827AF1F}.Debug|x86.ActiveCfg = Debug|Any CPU
		{73DF46E4-48B3-464F-A221-E7459827AF1F}.Debug|x86.Build.0 = Debug|Any CPU
		{73DF46E4-48B3-464F-A221-E7459827AF1F}.Release|Any CPU.ActiveCfg = Release|Any CPU
		{73DF46E4-48B3-464F-A221-E7459827AF1F}.Release|Any CPU.Build.0 = Release|Any CPU
		{73DF46E4-48B3-464F-A221-E7459827AF1F}.Release|x64.ActiveCfg = Release|Any CPU
		{73DF46E4-48B3-464F-A221-E7459827AF1F}.Release|x64.Build.0 = Release|Any CPU
		{73DF46E4-48B3-464F-A221-E7459827AF1F}.Release|x86.ActiveCfg = Release|Any CPU
		{73DF46E4-48B3-464F-A221-E7459827AF1F}.Release|x86.Build.0 = Release|Any CPU
		{321DDED4-9094-45D4-993B-795574902C21}.Debug|Any CPU.ActiveCfg = Debug|Any CPU
		{321DDED4-9094-45D4-993B-795574902C21}.Debug|Any CPU.Build.0 = Debug|Any CPU
		{321DDED4-9094-45D4-993B-795574902C21}.Debug|x64.ActiveCfg = Debug|Any CPU
		{321DDED4-9094-45D4-993B-795574902C21}.Debug|x64.Build.0 = Debug|Any CPU
		{321DDED4-9094-45D4-993B-795574902C21}.Debug|x86.ActiveCfg = Debug|Any CPU
		{321DDED4-9094-45D4-993B-795574902C21}.Debug|x86.Build.0 = Debug|Any CPU
		{321DDED4-9094-45D4-993B-795574902C21}.Release|Any CPU.ActiveCfg = Release|Any CPU
		{321DDED4-9094-45D4-993B-795574902C21}.Release|Any CPU.Build.0 = Release|Any CPU
		{321DDED4-9094-45D4-993B-795574902C21}.Release|x64.ActiveCfg = Release|Any CPU
		{321DDED4-9094-45D4-993B-795574902C21}.Release|x64.Build.0 = Release|Any CPU
		{321DDED4-9094-45D4-993B-795574902C21}.Release|x86.ActiveCfg = Release|Any CPU
		{321DDED4-9094-45D4-993B-795574902C21}.Release|x86.Build.0 = Release|Any CPU
		{EBC5C88D-689C-4979-9588-D368B436895D}.Debug|Any CPU.ActiveCfg = Debug|Any CPU
		{EBC5C88D-689C-4979-9588-D368B436895D}.Debug|Any CPU.Build.0 = Debug|Any CPU
		{EBC5C88D-689C-4979-9588-D368B436895D}.Debug|x64.ActiveCfg = Debug|Any CPU
		{EBC5C88D-689C-4979-9588-D368B436895D}.Debug|x64.Build.0 = Debug|Any CPU
		{EBC5C88D-689C-4979-9588-D368B436895D}.Debug|x86.ActiveCfg = Debug|Any CPU
		{EBC5C88D-689C-4979-9588-D368B436895D}.Debug|x86.Build.0 = Debug|Any CPU
		{EBC5C88D-689C-4979-9588-D368B436895D}.Release|Any CPU.ActiveCfg = Release|Any CPU
		{EBC5C88D-689C-4979-9588-D368B436895D}.Release|Any CPU.Build.0 = Release|Any CPU
		{EBC5C88D-689C-4979-9588-D368B436895D}.Release|x64.ActiveCfg = Release|Any CPU
		{EBC5C88D-689C-4979-9588-D368B436895D}.Release|x64.Build.0 = Release|Any CPU
		{EBC5C88D-689C-4979-9588-D368B436895D}.Release|x86.ActiveCfg = Release|Any CPU
		{EBC5C88D-689C-4979-9588-D368B436895D}.Release|x86.Build.0 = Release|Any CPU
		{F711CB9B-3AF5-4B0B-8F83-91C26E6CAB4F}.Debug|Any CPU.ActiveCfg = Debug|Any CPU
		{F711CB9B-3AF5-4B0B-8F83-91C26E6CAB4F}.Debug|Any CPU.Build.0 = Debug|Any CPU
		{F711CB9B-3AF5-4B0B-8F83-91C26E6CAB4F}.Debug|x64.ActiveCfg = Debug|Any CPU
		{F711CB9B-3AF5-4B0B-8F83-91C26E6CAB4F}.Debug|x64.Build.0 = Debug|Any CPU
		{F711CB9B-3AF5-4B0B-8F83-91C26E6CAB4F}.Debug|x86.ActiveCfg = Debug|Any CPU
		{F711CB9B-3AF5-4B0B-8F83-91C26E6CAB4F}.Debug|x86.Build.0 = Debug|Any CPU
		{F711CB9B-3AF5-4B0B-8F83-91C26E6CAB4F}.Release|Any CPU.ActiveCfg = Release|Any CPU
		{F711CB9B-3AF5-4B0B-8F83-91C26E6CAB4F}.Release|Any CPU.Build.0 = Release|Any CPU
		{F711CB9B-3AF5-4B0B-8F83-91C26E6CAB4F}.Release|x64.ActiveCfg = Release|Any CPU
		{F711CB9B-3AF5-4B0B-8F83-91C26E6CAB4F}.Release|x64.Build.0 = Release|Any CPU
		{F711CB9B-3AF5-4B0B-8F83-91C26E6CAB4F}.Release|x86.ActiveCfg = Release|Any CPU
		{F711CB9B-3AF5-4B0B-8F83-91C26E6CAB4F}.Release|x86.Build.0 = Release|Any CPU
		{61BCA02B-33E8-4442-B65A-424A1C84F88D}.Debug|Any CPU.ActiveCfg = Debug|Any CPU
		{61BCA02B-33E8-4442-B65A-424A1C84F88D}.Debug|Any CPU.Build.0 = Debug|Any CPU
		{61BCA02B-33E8-4442-B65A-424A1C84F88D}.Debug|x64.ActiveCfg = Debug|Any CPU
		{61BCA02B-33E8-4442-B65A-424A1C84F88D}.Debug|x64.Build.0 = Debug|Any CPU
		{61BCA02B-33E8-4442-B65A-424A1C84F88D}.Debug|x86.ActiveCfg = Debug|Any CPU
		{61BCA02B-33E8-4442-B65A-424A1C84F88D}.Debug|x86.Build.0 = Debug|Any CPU
		{61BCA02B-33E8-4442-B65A-424A1C84F88D}.Release|Any CPU.ActiveCfg = Release|Any CPU
		{61BCA02B-33E8-4442-B65A-424A1C84F88D}.Release|Any CPU.Build.0 = Release|Any CPU
		{61BCA02B-33E8-4442-B65A-424A1C84F88D}.Release|x64.ActiveCfg = Release|Any CPU
		{61BCA02B-33E8-4442-B65A-424A1C84F88D}.Release|x64.Build.0 = Release|Any CPU
		{61BCA02B-33E8-4442-B65A-424A1C84F88D}.Release|x86.ActiveCfg = Release|Any CPU
		{61BCA02B-33E8-4442-B65A-424A1C84F88D}.Release|x86.Build.0 = Release|Any CPU
		{5F7014F3-9987-4C81-97A1-8EEE64D11882}.Debug|Any CPU.ActiveCfg = Debug|Any CPU
		{5F7014F3-9987-4C81-97A1-8EEE64D11882}.Debug|Any CPU.Build.0 = Debug|Any CPU
		{5F7014F3-9987-4C81-97A1-8EEE64D11882}.Debug|x64.ActiveCfg = Debug|Any CPU
		{5F7014F3-9987-4C81-97A1-8EEE64D11882}.Debug|x64.Build.0 = Debug|Any CPU
		{5F7014F3-9987-4C81-97A1-8EEE64D11882}.Debug|x86.ActiveCfg = Debug|Any CPU
		{5F7014F3-9987-4C81-97A1-8EEE64D11882}.Debug|x86.Build.0 = Debug|Any CPU
		{5F7014F3-9987-4C81-97A1-8EEE64D11882}.Release|Any CPU.ActiveCfg = Release|Any CPU
		{5F7014F3-9987-4C81-97A1-8EEE64D11882}.Release|Any CPU.Build.0 = Release|Any CPU
		{5F7014F3-9987-4C81-97A1-8EEE64D11882}.Release|x64.ActiveCfg = Release|Any CPU
		{5F7014F3-9987-4C81-97A1-8EEE64D11882}.Release|x64.Build.0 = Release|Any CPU
		{5F7014F3-9987-4C81-97A1-8EEE64D11882}.Release|x86.ActiveCfg = Release|Any CPU
		{5F7014F3-9987-4C81-97A1-8EEE64D11882}.Release|x86.Build.0 = Release|Any CPU
		{71C77E65-9C46-43F6-ACCC-F9C432198A21}.Debug|Any CPU.ActiveCfg = Debug|Any CPU
		{71C77E65-9C46-43F6-ACCC-F9C432198A21}.Debug|Any CPU.Build.0 = Debug|Any CPU
		{71C77E65-9C46-43F6-ACCC-F9C432198A21}.Debug|x64.ActiveCfg = Debug|Any CPU
		{71C77E65-9C46-43F6-ACCC-F9C432198A21}.Debug|x64.Build.0 = Debug|Any CPU
		{71C77E65-9C46-43F6-ACCC-F9C432198A21}.Debug|x86.ActiveCfg = Debug|Any CPU
		{71C77E65-9C46-43F6-ACCC-F9C432198A21}.Debug|x86.Build.0 = Debug|Any CPU
		{71C77E65-9C46-43F6-ACCC-F9C432198A21}.Release|Any CPU.ActiveCfg = Release|Any CPU
		{71C77E65-9C46-43F6-ACCC-F9C432198A21}.Release|Any CPU.Build.0 = Release|Any CPU
		{71C77E65-9C46-43F6-ACCC-F9C432198A21}.Release|x64.ActiveCfg = Release|Any CPU
		{71C77E65-9C46-43F6-ACCC-F9C432198A21}.Release|x64.Build.0 = Release|Any CPU
		{71C77E65-9C46-43F6-ACCC-F9C432198A21}.Release|x86.ActiveCfg = Release|Any CPU
		{71C77E65-9C46-43F6-ACCC-F9C432198A21}.Release|x86.Build.0 = Release|Any CPU
		{3770DB7B-0D7E-4E09-9F7F-22C9B413A6F4}.Debug|Any CPU.ActiveCfg = Debug|Any CPU
		{3770DB7B-0D7E-4E09-9F7F-22C9B413A6F4}.Debug|Any CPU.Build.0 = Debug|Any CPU
		{3770DB7B-0D7E-4E09-9F7F-22C9B413A6F4}.Debug|x64.ActiveCfg = Debug|Any CPU
		{3770DB7B-0D7E-4E09-9F7F-22C9B413A6F4}.Debug|x64.Build.0 = Debug|Any CPU
		{3770DB7B-0D7E-4E09-9F7F-22C9B413A6F4}.Debug|x86.ActiveCfg = Debug|Any CPU
		{3770DB7B-0D7E-4E09-9F7F-22C9B413A6F4}.Debug|x86.Build.0 = Debug|Any CPU
		{3770DB7B-0D7E-4E09-9F7F-22C9B413A6F4}.Release|Any CPU.ActiveCfg = Release|Any CPU
		{3770DB7B-0D7E-4E09-9F7F-22C9B413A6F4}.Release|Any CPU.Build.0 = Release|Any CPU
		{3770DB7B-0D7E-4E09-9F7F-22C9B413A6F4}.Release|x64.ActiveCfg = Release|Any CPU
		{3770DB7B-0D7E-4E09-9F7F-22C9B413A6F4}.Release|x64.Build.0 = Release|Any CPU
		{3770DB7B-0D7E-4E09-9F7F-22C9B413A6F4}.Release|x86.ActiveCfg = Release|Any CPU
		{3770DB7B-0D7E-4E09-9F7F-22C9B413A6F4}.Release|x86.Build.0 = Release|Any CPU
		{D823FCB8-0AF1-407F-AAD5-112B97DAC028}.Debug|Any CPU.ActiveCfg = Debug|Any CPU
		{D823FCB8-0AF1-407F-AAD5-112B97DAC028}.Debug|Any CPU.Build.0 = Debug|Any CPU
		{D823FCB8-0AF1-407F-AAD5-112B97DAC028}.Debug|x64.ActiveCfg = Debug|Any CPU
		{D823FCB8-0AF1-407F-AAD5-112B97DAC028}.Debug|x64.Build.0 = Debug|Any CPU
		{D823FCB8-0AF1-407F-AAD5-112B97DAC028}.Debug|x86.ActiveCfg = Debug|Any CPU
		{D823FCB8-0AF1-407F-AAD5-112B97DAC028}.Debug|x86.Build.0 = Debug|Any CPU
		{D823FCB8-0AF1-407F-AAD5-112B97DAC028}.Release|Any CPU.ActiveCfg = Release|Any CPU
		{D823FCB8-0AF1-407F-AAD5-112B97DAC028}.Release|Any CPU.Build.0 = Release|Any CPU
		{D823FCB8-0AF1-407F-AAD5-112B97DAC028}.Release|x64.ActiveCfg = Release|Any CPU
		{D823FCB8-0AF1-407F-AAD5-112B97DAC028}.Release|x64.Build.0 = Release|Any CPU
		{D823FCB8-0AF1-407F-AAD5-112B97DAC028}.Release|x86.ActiveCfg = Release|Any CPU
		{D823FCB8-0AF1-407F-AAD5-112B97DAC028}.Release|x86.Build.0 = Release|Any CPU
		{3399F625-2A96-4933-A2A5-D55534D1E4A5}.Debug|Any CPU.ActiveCfg = Debug|Any CPU
		{3399F625-2A96-4933-A2A5-D55534D1E4A5}.Debug|Any CPU.Build.0 = Debug|Any CPU
		{3399F625-2A96-4933-A2A5-D55534D1E4A5}.Debug|x64.ActiveCfg = Debug|Any CPU
		{3399F625-2A96-4933-A2A5-D55534D1E4A5}.Debug|x64.Build.0 = Debug|Any CPU
		{3399F625-2A96-4933-A2A5-D55534D1E4A5}.Debug|x86.ActiveCfg = Debug|Any CPU
		{3399F625-2A96-4933-A2A5-D55534D1E4A5}.Debug|x86.Build.0 = Debug|Any CPU
		{3399F625-2A96-4933-A2A5-D55534D1E4A5}.Release|Any CPU.ActiveCfg = Release|Any CPU
		{3399F625-2A96-4933-A2A5-D55534D1E4A5}.Release|Any CPU.Build.0 = Release|Any CPU
		{3399F625-2A96-4933-A2A5-D55534D1E4A5}.Release|x64.ActiveCfg = Release|Any CPU
		{3399F625-2A96-4933-A2A5-D55534D1E4A5}.Release|x64.Build.0 = Release|Any CPU
		{3399F625-2A96-4933-A2A5-D55534D1E4A5}.Release|x86.ActiveCfg = Release|Any CPU
		{3399F625-2A96-4933-A2A5-D55534D1E4A5}.Release|x86.Build.0 = Release|Any CPU
		{3AD55447-B847-4098-A84E-6E7A659194DC}.Debug|Any CPU.ActiveCfg = Debug|Any CPU
		{3AD55447-B847-4098-A84E-6E7A659194DC}.Debug|Any CPU.Build.0 = Debug|Any CPU
		{3AD55447-B847-4098-A84E-6E7A659194DC}.Debug|x64.ActiveCfg = Debug|Any CPU
		{3AD55447-B847-4098-A84E-6E7A659194DC}.Debug|x64.Build.0 = Debug|Any CPU
		{3AD55447-B847-4098-A84E-6E7A659194DC}.Debug|x86.ActiveCfg = Debug|Any CPU
		{3AD55447-B847-4098-A84E-6E7A659194DC}.Debug|x86.Build.0 = Debug|Any CPU
		{3AD55447-B847-4098-A84E-6E7A659194DC}.Release|Any CPU.ActiveCfg = Release|Any CPU
		{3AD55447-B847-4098-A84E-6E7A659194DC}.Release|Any CPU.Build.0 = Release|Any CPU
		{3AD55447-B847-4098-A84E-6E7A659194DC}.Release|x64.ActiveCfg = Release|Any CPU
		{3AD55447-B847-4098-A84E-6E7A659194DC}.Release|x64.Build.0 = Release|Any CPU
		{3AD55447-B847-4098-A84E-6E7A659194DC}.Release|x86.ActiveCfg = Release|Any CPU
		{3AD55447-B847-4098-A84E-6E7A659194DC}.Release|x86.Build.0 = Release|Any CPU
		{3E6E0326-D6F3-4A27-B2C2-DFB7539C6F3A}.Debug|Any CPU.ActiveCfg = Debug|Any CPU
		{3E6E0326-D6F3-4A27-B2C2-DFB7539C6F3A}.Debug|Any CPU.Build.0 = Debug|Any CPU
		{3E6E0326-D6F3-4A27-B2C2-DFB7539C6F3A}.Debug|x64.ActiveCfg = Debug|Any CPU
		{3E6E0326-D6F3-4A27-B2C2-DFB7539C6F3A}.Debug|x64.Build.0 = Debug|Any CPU
		{3E6E0326-D6F3-4A27-B2C2-DFB7539C6F3A}.Debug|x86.ActiveCfg = Debug|Any CPU
		{3E6E0326-D6F3-4A27-B2C2-DFB7539C6F3A}.Debug|x86.Build.0 = Debug|Any CPU
		{3E6E0326-D6F3-4A27-B2C2-DFB7539C6F3A}.Release|Any CPU.ActiveCfg = Release|Any CPU
		{3E6E0326-D6F3-4A27-B2C2-DFB7539C6F3A}.Release|Any CPU.Build.0 = Release|Any CPU
		{3E6E0326-D6F3-4A27-B2C2-DFB7539C6F3A}.Release|x64.ActiveCfg = Release|Any CPU
		{3E6E0326-D6F3-4A27-B2C2-DFB7539C6F3A}.Release|x64.Build.0 = Release|Any CPU
		{3E6E0326-D6F3-4A27-B2C2-DFB7539C6F3A}.Release|x86.ActiveCfg = Release|Any CPU
		{3E6E0326-D6F3-4A27-B2C2-DFB7539C6F3A}.Release|x86.Build.0 = Release|Any CPU
	EndGlobalSection
	GlobalSection(SolutionProperties) = preSolution
		HideSolutionNode = FALSE
	EndGlobalSection
	GlobalSection(NestedProjects) = preSolution
		{1D5A47EF-A2B9-4CB3-B71E-E813FBD09233} = {827E0CD3-B72D-47B6-A68D-7590B98EB39B}
		{AC5B6C17-5FC2-4E74-9619-7504F0FD3993} = {827E0CD3-B72D-47B6-A68D-7590B98EB39B}
		{D135AA1B-AEDF-4E8F-BB8A-D57CD55CEA9C} = {827E0CD3-B72D-47B6-A68D-7590B98EB39B}
		{D597A2A1-29A3-4743-B69B-87051E4F6A0E} = {827E0CD3-B72D-47B6-A68D-7590B98EB39B}
		{1627713B-9C65-49D8-A304-D97E04F91191} = {0AB3BF05-4346-4AA6-1389-037BE0695223}
		{0803FB80-82BD-4CD2-B4DA-9890340DA713} = {0AB3BF05-4346-4AA6-1389-037BE0695223}
		{9636D6E3-3F65-41ED-BB8C-C841A1A1277D} = {827E0CD3-B72D-47B6-A68D-7590B98EB39B}
		{712231F8-CED3-45F8-A77D-CA8A84935F99} = {827E0CD3-B72D-47B6-A68D-7590B98EB39B}
		{71A247EB-1A48-4EB9-B8BF-7471C560EAD1} = {827E0CD3-B72D-47B6-A68D-7590B98EB39B}
		{73DF46E4-48B3-464F-A221-E7459827AF1F} = {0AB3BF05-4346-4AA6-1389-037BE0695223}
		{321DDED4-9094-45D4-993B-795574902C21} = {0AB3BF05-4346-4AA6-1389-037BE0695223}
		{EBC5C88D-689C-4979-9588-D368B436895D} = {827E0CD3-B72D-47B6-A68D-7590B98EB39B}
		{F711CB9B-3AF5-4B0B-8F83-91C26E6CAB4F} = {827E0CD3-B72D-47B6-A68D-7590B98EB39B}
		{61BCA02B-33E8-4442-B65A-424A1C84F88D} = {827E0CD3-B72D-47B6-A68D-7590B98EB39B}
		{5F7014F3-9987-4C81-97A1-8EEE64D11882} = {827E0CD3-B72D-47B6-A68D-7590B98EB39B}
		{71C77E65-9C46-43F6-ACCC-F9C432198A21} = {827E0CD3-B72D-47B6-A68D-7590B98EB39B}
		{3770DB7B-0D7E-4E09-9F7F-22C9B413A6F4} = {827E0CD3-B72D-47B6-A68D-7590B98EB39B}
		{D823FCB8-0AF1-407F-AAD5-112B97DAC028} = {07C2787E-EAC7-C090-1BA3-A61EC2A24D84}
		{3399F625-2A96-4933-A2A5-D55534D1E4A5} = {07C2787E-EAC7-C090-1BA3-A61EC2A24D84}
		{3AD55447-B847-4098-A84E-6E7A659194DC} = {07C2787E-EAC7-C090-1BA3-A61EC2A24D84}
		{3E6E0326-D6F3-4A27-B2C2-DFB7539C6F3A} = {07C2787E-EAC7-C090-1BA3-A61EC2A24D84}
	EndGlobalSection
EndGlobal
